
Microsoft Visual Studio Solution File, Format Version 12.00
# Visual Studio Version 17
VisualStudioVersion = 17.4.33205.214
MinimumVisualStudioVersion = 10.0.40219.1
Project("{FAE04EC0-301F-11D3-BF4B-00C04F79EFBC}") = "BarServices", "BarServices\BarServices.csproj", "{E995873F-3D45-4703-9EB2-0E0B11B41360}"
EndProject
Global
	GlobalSection(SolutionConfigurationPlatforms) = preSolution
		Debug|Any CPU = Debug|Any CPU
		Release|Any CPU = Release|Any CPU
	EndGlobalSection
	GlobalSection(ProjectConfigurationPlatforms) = postSolution
		{E995873F-3D45-4703-9EB2-0E0B11B41360}.Debug|Any CPU.ActiveCfg = Debug|Any CPU
		{E995873F-3D45-4703-9EB2-0E0B11B41360}.Debug|Any CPU.Build.0 = Debug|Any CPU
		{E995873F-3D45-4703-9EB2-0E0B11B41360}.Release|Any CPU.ActiveCfg = Release|Any CPU
		{E995873F-3D45-4703-9EB2-0E0B11B41360}.Release|Any CPU.Build.0 = Release|Any CPU
	EndGlobalSection
	GlobalSection(SolutionProperties) = preSolution
		HideSolutionNode = FALSE
	EndGlobalSection
	GlobalSection(ExtensibilityGlobals) = postSolution
		SolutionGuid = {42550996-6836-445C-9588-B88B66AE3232}
	EndGlobalSection
EndGlobal
